{
  "nodes": {
    "crane": {
      "inputs": {
        "nixpkgs": [
          "nixpkgs"
        ]
      },
      "locked": {
        "lastModified": 1700327093,
        "narHash": "sha256-OgYvlBABxJYWhZ/HBd0bPVcIEkT+xDhDCpRYqtVhYWY=",
        "owner": "ipetkov",
        "repo": "crane",
        "rev": "ae7cd510e508ee03d792005c2f1c0a3ff25ecb80",
        "type": "github"
      },
      "original": {
        "owner": "ipetkov",
        "repo": "crane",
        "type": "github"
      }
    },
    "flake-utils": {
      "inputs": {
        "systems": "systems"
      },
      "locked": {
        "lastModified": 1681202837,
        "narHash": "sha256-H+Rh19JDwRtpVPAWp64F+rlEtxUWBAQW28eAi3SRSzg=",
        "owner": "numtide",
        "repo": "flake-utils",
        "rev": "cfacdce06f30d2b68473a46042957675eebb3401",
        "type": "github"
      },
      "original": {
        "owner": "numtide",
        "repo": "flake-utils",
        "type": "github"
      }
    },
    "home-manager": {
      "inputs": {
        "nixpkgs": [
          "nixpkgs"
        ]
      },
      "locked": {
        "lastModified": 1700419052,
        "narHash": "sha256-U6a5f9ynbzcp8PMIHULbHPkbwp7YfPKOYmTcLqlalD4=",
        "owner": "nix-community",
        "repo": "home-manager",
        "rev": "993fb02d20760067b8ee19c713d94cee07037759",
        "type": "github"
      },
      "original": {
        "owner": "nix-community",
        "repo": "home-manager",
        "type": "github"
      }
    },
    "nixos-hardware": {
      "locked": {
        "lastModified": 1700392353,
        "narHash": "sha256-KARn8aVJu5fdW0jdJYoOQ1SPqWlNdz4l7r90NbArWSY=",
        "owner": "NixOS",
        "repo": "nixos-hardware",
        "rev": "2b00bc76dc893cd996a3d76a2f059d657a5ef37a",
        "type": "github"
      },
      "original": {
        "owner": "NixOS",
        "ref": "master",
        "repo": "nixos-hardware",
        "type": "github"
      }
    },
    "nixpkgs": {
      "locked": {
        "lastModified": 1700463343,
        "narHash": "sha256-6HpM0MP3V6jYsnAklIkjw6Wa+L0Zgokq+OBduVBR3n4=",
        "owner": "NixOS",
        "repo": "nixpkgs",
        "rev": "3fb937a1e9f4157f57011965b99fcb7f4139d9ad",
        "type": "github"
      },
      "original": {
        "id": "nixpkgs",
        "ref": "nixos-unstable-small",
        "type": "indirect"
      }
    },
    "nixpkgs_2": {
      "locked": {
        "lastModified": 1681358109,
        "narHash": "sha256-eKyxW4OohHQx9Urxi7TQlFBTDWII+F+x2hklDOQPB50=",
        "owner": "NixOS",
        "repo": "nixpkgs",
        "rev": "96ba1c52e54e74c3197f4d43026b3f3d92e83ff9",
        "type": "github"
      },
      "original": {
        "owner": "NixOS",
        "ref": "nixpkgs-unstable",
        "repo": "nixpkgs",
        "type": "github"
      }
    },
    "root": {
      "inputs": {
        "crane": "crane",
        "home-manager": "home-manager",
        "nixos-hardware": "nixos-hardware",
        "nixpkgs": "nixpkgs",
        "rust-overlay": "rust-overlay"
      }
    },
    "rust-overlay": {
      "inputs": {
        "flake-utils": "flake-utils",
        "nixpkgs": "nixpkgs_2"
      },
      "locked": {
        "lastModified": 1700446608,
        "narHash": "sha256-q/87GqBvQoUNBYiI3hwhsDqfyfk972RuZK+EwKab5s0=",
        "owner": "oxalica",
        "repo": "rust-overlay",
        "rev": "e17bfe3baa0487f0671c9ed0e9057d10987ba7f7",
        "type": "github"
      },
      "original": {
        "owner": "oxalica",
        "repo": "rust-overlay",
        "type": "github"
      }
    },
    "systems": {
      "locked": {
        "lastModified": 1681028828,
        "narHash": "sha256-Vy1rq5AaRuLzOxct8nz4T6wlgyUR7zLU309k9mBC768=",
        "owner": "nix-systems",
        "repo": "default",
        "rev": "da67096a3b9bf56a91d16901293e51ba5b49a27e",
        "type": "github"
      },
      "original": {
        "owner": "nix-systems",
        "repo": "default",
        "type": "github"
      }
    }
  },
  "root": "root",
  "version": 7
}
